
Microsoft Visual Studio Solution File, Format Version 12.00
# Visual Studio Version 16
VisualStudioVersion = 16.0.31105.61
MinimumVisualStudioVersion = 10.0.40219.1
Project("{9A19103F-16F7-4668-BE54-9A1E7A4F7556}") = "MoneyCalculator", "MoneyCalculator\MoneyCalculator.csproj", "{9F4BE17F-E942-43DA-8C0B-D98E23AC8C6D}"
EndProject
Project("{FAE04EC0-301F-11D3-BF4B-00C04F79EFBC}") = "MoneyCalculator.Test", "MoneyCalculator.Test\MoneyCalculator.Test.csproj", "{8DC205C1-2B3F-443D-9354-3737E508A126}"
EndProject
Global
	GlobalSection(SolutionConfigurationPlatforms) = preSolution
		Debug|Any CPU = Debug|Any CPU
		Release|Any CPU = Release|Any CPU
	EndGlobalSection
	GlobalSection(ProjectConfigurationPlatforms) = postSolution
		{9F4BE17F-E942-43DA-8C0B-D98E23AC8C6D}.Debug|Any CPU.ActiveCfg = Debug|Any CPU
		{9F4BE17F-E942-43DA-8C0B-D98E23AC8C6D}.Debug|Any CPU.Build.0 = Debug|Any CPU
		{9F4BE17F-E942-43DA-8C0B-D98E23AC8C6D}.Release|Any CPU.ActiveCfg = Release|Any CPU
		{9F4BE17F-E942-43DA-8C0B-D98E23AC8C6D}.Release|Any CPU.Build.0 = Release|Any CPU
		{8DC205C1-2B3F-443D-9354-3737E508A126}.Debug|Any CPU.ActiveCfg = Debug|Any CPU
		{8DC205C1-2B3F-443D-9354-3737E508A126}.Debug|Any CPU.Build.0 = Debug|Any CPU
		{8DC205C1-2B3F-443D-9354-3737E508A126}.Release|Any CPU.ActiveCfg = Release|Any CPU
		{8DC205C1-2B3F-443D-9354-3737E508A126}.Release|Any CPU.Build.0 = Release|Any CPU
	EndGlobalSection
	GlobalSection(SolutionProperties) = preSolution
		HideSolutionNode = FALSE
	EndGlobalSection
	GlobalSection(ExtensibilityGlobals) = postSolution
		SolutionGuid = {6A8CF720-BAA1-420A-B928-FCF3D6558AD3}
	EndGlobalSection
EndGlobal
